
Microsoft Visual Studio Solution File, Format Version 12.00
# Visual Studio Version 16
VisualStudioVersion = 16.0.29215.179
MinimumVisualStudioVersion = 10.0.40219.1
Project("{9A19103F-16F7-4668-BE54-9A1E7A4F7556}") = "TR.BIDSsvMOD.dgoCtrlUSB", "TR.BIDSsvMOD.dgoCtrlUSB\TR.BIDSsvMOD.dgoCtrlUSB.csproj", "{83FB0BB6-7D84-4290-857E-FD9A8040C723}"
EndProject
Project("{9A19103F-16F7-4668-BE54-9A1E7A4F7556}") = "BIDSsv", "..\BIDS_Server\BIDSsv\BIDSsv.csproj", "{D2EF98F0-8E97-4381-9A36-BFF1096267D5}"
EndProject
Project("{9A19103F-16F7-4668-BE54-9A1E7A4F7556}") = "IBIDSsv", "..\BIDS_Server\IBIDSsv\IBIDSsv.csproj", "{91D660F1-F5E4-437E-93E0-FB13036C7953}"
EndProject
Project("{9A19103F-16F7-4668-BE54-9A1E7A4F7556}") = "IAtsPI", "..\IAtsPI\IAtsPI.csproj", "{EBBBE7B7-1FFE-4F94-AA52-373BE51F670E}"
EndProject
Project("{9A19103F-16F7-4668-BE54-9A1E7A4F7556}") = "BIDSSMemLib.structs", "..\BIDSSMemLib\BIDSSMemLib.structs\BIDSSMemLib.structs.csproj", "{9844439C-CF70-4307-A365-56E7D8C1B12B}"
EndProject
Global
	GlobalSection(SolutionConfigurationPlatforms) = preSolution
		Debug|Any CPU = Debug|Any CPU
		Release|Any CPU = Release|Any CPU
	EndGlobalSection
	GlobalSection(ProjectConfigurationPlatforms) = postSolution
		{83FB0BB6-7D84-4290-857E-FD9A8040C723}.Debug|Any CPU.ActiveCfg = Debug|Any CPU
		{83FB0BB6-7D84-4290-857E-FD9A8040C723}.Debug|Any CPU.Build.0 = Debug|Any CPU
		{83FB0BB6-7D84-4290-857E-FD9A8040C723}.Release|Any CPU.ActiveCfg = Release|Any CPU
		{83FB0BB6-7D84-4290-857E-FD9A8040C723}.Release|Any CPU.Build.0 = Release|Any CPU
		{D2EF98F0-8E97-4381-9A36-BFF1096267D5}.Debug|Any CPU.ActiveCfg = Debug|Any CPU
		{D2EF98F0-8E97-4381-9A36-BFF1096267D5}.Debug|Any CPU.Build.0 = Debug|Any CPU
		{D2EF98F0-8E97-4381-9A36-BFF1096267D5}.Release|Any CPU.ActiveCfg = Release|Any CPU
		{D2EF98F0-8E97-4381-9A36-BFF1096267D5}.Release|Any CPU.Build.0 = Release|Any CPU
		{91D660F1-F5E4-437E-93E0-FB13036C7953}.Debug|Any CPU.ActiveCfg = Debug|Any CPU
		{91D660F1-F5E4-437E-93E0-FB13036C7953}.Debug|Any CPU.Build.0 = Debug|Any CPU
		{91D660F1-F5E4-437E-93E0-FB13036C7953}.Release|Any CPU.ActiveCfg = Release|Any CPU
		{91D660F1-F5E4-437E-93E0-FB13036C7953}.Release|Any CPU.Build.0 = Release|Any CPU
		{EBBBE7B7-1FFE-4F94-AA52-373BE51F670E}.Debug|Any CPU.ActiveCfg = Debug|Any CPU
		{EBBBE7B7-1FFE-4F94-AA52-373BE51F670E}.Debug|Any CPU.Build.0 = Debug|Any CPU
		{EBBBE7B7-1FFE-4F94-AA52-373BE51F670E}.Release|Any CPU.ActiveCfg = Release|Any CPU
		{EBBBE7B7-1FFE-4F94-AA52-373BE51F670E}.Release|Any CPU.Build.0 = Release|Any CPU
		{9844439C-CF70-4307-A365-56E7D8C1B12B}.Debug|Any CPU.ActiveCfg = Debug|Any CPU
		{9844439C-CF70-4307-A365-56E7D8C1B12B}.Debug|Any CPU.Build.0 = Debug|Any CPU
		{9844439C-CF70-4307-A365-56E7D8C1B12B}.Release|Any CPU.ActiveCfg = Release|Any CPU
		{9844439C-CF70-4307-A365-56E7D8C1B12B}.Release|Any CPU.Build.0 = Release|Any CPU
	EndGlobalSection
	GlobalSection(SolutionProperties) = preSolution
		HideSolutionNode = FALSE
	EndGlobalSection
	GlobalSection(ExtensibilityGlobals) = postSolution
		SolutionGuid = {0A392C27-4E6E-4A09-9CF4-2D6A4BE238FD}
	EndGlobalSection
EndGlobal
