
Microsoft Visual Studio Solution File, Format Version 12.00
# Visual Studio Version 16
VisualStudioVersion = 16.0.29215.179
MinimumVisualStudioVersion = 10.0.40219.1
Project("{FAE04EC0-301F-11D3-BF4B-00C04F79EFBC}") = "TR.BIDSsvMOD.dgoCtrlUSB", "TR.BIDSsvMOD.dgoCtrlUSB\TR.BIDSsvMOD.dgoCtrlUSB.csproj", "{83FB0BB6-7D84-4290-857E-FD9A8040C723}"
EndProject
Global
	GlobalSection(SolutionConfigurationPlatforms) = preSolution
		Debug|Any CPU = Debug|Any CPU
		Release|Any CPU = Release|Any CPU
	EndGlobalSection
	GlobalSection(ProjectConfigurationPlatforms) = postSolution
		{83FB0BB6-7D84-4290-857E-FD9A8040C723}.Debug|Any CPU.ActiveCfg = Debug|Any CPU
		{83FB0BB6-7D84-4290-857E-FD9A8040C723}.Debug|Any CPU.Build.0 = Debug|Any CPU
		{83FB0BB6-7D84-4290-857E-FD9A8040C723}.Release|Any CPU.ActiveCfg = Release|Any CPU
		{83FB0BB6-7D84-4290-857E-FD9A8040C723}.Release|Any CPU.Build.0 = Release|Any CPU
	EndGlobalSection
	GlobalSection(SolutionProperties) = preSolution
		HideSolutionNode = FALSE
	EndGlobalSection
	GlobalSection(ExtensibilityGlobals) = postSolution
		SolutionGuid = {0A392C27-4E6E-4A09-9CF4-2D6A4BE238FD}
	EndGlobalSection
EndGlobal
